
Microsoft Visual Studio Solution File, Format Version 12.00
# Visual Studio Version 16
VisualStudioVersion = 16.0.30503.244
MinimumVisualStudioVersion = 10.0.40219.1
Project("{FAE04EC0-301F-11D3-BF4B-00C04F79EFBC}") = "Album.DAL.MSSQL", "Album.DAL.MSSQL\Album.DAL.MSSQL.csproj", "{70ED9F5D-4C8F-4D82-9BD6-2670EEDDC099}"
EndProject
Project("{2150E333-8FDC-42A3-9474-1A3956D46DE8}") = "DAL", "DAL", "{ECA20BEA-137B-4955-ADA3-9689F827B68D}"
EndProject
Project("{FAE04EC0-301F-11D3-BF4B-00C04F79EFBC}") = "Album.DAL.Interfaces", "Album.DAL.Interfaces\Album.DAL.Interfaces.csproj", "{DD36AC14-E5A0-4685-83D4-B923891958C9}"
EndProject
Project("{2150E333-8FDC-42A3-9474-1A3956D46DE8}") = "BLL", "BLL", "{498060E8-817D-4972-B006-EC8DA18A2362}"
EndProject
Project("{2150E333-8FDC-42A3-9474-1A3956D46DE8}") = "PL", "PL", "{C35EE235-3358-4F7C-BB34-38C442F4CF5A}"
EndProject
Project("{FAE04EC0-301F-11D3-BF4B-00C04F79EFBC}") = "Album.PL.Web", "Album.PL.Web\Album.PL.Web.csproj", "{51516C50-317F-48C4-8555-69839AAB8DA6}"
EndProject
Project("{FAE04EC0-301F-11D3-BF4B-00C04F79EFBC}") = "Album.PL.Interfaces", "Album.PL.Interfaces\Album.PL.Interfaces.csproj", "{BB308ED6-882D-4C42-91ED-CE33EE1E8DFE}"
EndProject
Project("{FAE04EC0-301F-11D3-BF4B-00C04F79EFBC}") = "Album.DAL.DR", "Album.DAL.DR\Album.DAL.DR.csproj", "{57B7ADEF-4E41-49E6-A436-FF7E63CD1444}"
EndProject
Project("{FAE04EC0-301F-11D3-BF4B-00C04F79EFBC}") = "Album.BLL", "Album.BLL\Album.BLL.csproj", "{222854FF-453D-49E2-B2CE-04B0B36CE439}"
EndProject
Project("{FAE04EC0-301F-11D3-BF4B-00C04F79EFBC}") = "Album.BLL.Interfaces", "Album.BLL.Interfaces\Album.BLL.Interfaces.csproj", "{02A01C75-1475-4D3C-B0AD-7595CE9E87F6}"
EndProject
Project("{FAE04EC0-301F-11D3-BF4B-00C04F79EFBC}") = "Album.BLL.DR", "Album.BLL.DR\Album.BLL.DR.csproj", "{5842F76F-3DA9-4367-9A54-853A2F7095B2}"
EndProject
Project("{2150E333-8FDC-42A3-9474-1A3956D46DE8}") = "Common", "Common", "{3A8E7190-7472-43AF-BCEC-D4752134A6CF}"
EndProject
Project("{FAE04EC0-301F-11D3-BF4B-00C04F79EFBC}") = "Album.Entities", "Album.Entities\Album.Entities.csproj", "{5C200F4B-2B06-4A7E-9A90-F258DD3E51F4}"
EndProject
Global
	GlobalSection(SolutionConfigurationPlatforms) = preSolution
		Debug|Any CPU = Debug|Any CPU
		Release|Any CPU = Release|Any CPU
	EndGlobalSection
	GlobalSection(ProjectConfigurationPlatforms) = postSolution
		{70ED9F5D-4C8F-4D82-9BD6-2670EEDDC099}.Debug|Any CPU.ActiveCfg = Debug|Any CPU
		{70ED9F5D-4C8F-4D82-9BD6-2670EEDDC099}.Debug|Any CPU.Build.0 = Debug|Any CPU
		{70ED9F5D-4C8F-4D82-9BD6-2670EEDDC099}.Release|Any CPU.ActiveCfg = Release|Any CPU
		{70ED9F5D-4C8F-4D82-9BD6-2670EEDDC099}.Release|Any CPU.Build.0 = Release|Any CPU
		{DD36AC14-E5A0-4685-83D4-B923891958C9}.Debug|Any CPU.ActiveCfg = Debug|Any CPU
		{DD36AC14-E5A0-4685-83D4-B923891958C9}.Debug|Any CPU.Build.0 = Debug|Any CPU
		{DD36AC14-E5A0-4685-83D4-B923891958C9}.Release|Any CPU.ActiveCfg = Release|Any CPU
		{DD36AC14-E5A0-4685-83D4-B923891958C9}.Release|Any CPU.Build.0 = Release|Any CPU
		{51516C50-317F-48C4-8555-69839AAB8DA6}.Debug|Any CPU.ActiveCfg = Debug|Any CPU
		{51516C50-317F-48C4-8555-69839AAB8DA6}.Debug|Any CPU.Build.0 = Debug|Any CPU
		{51516C50-317F-48C4-8555-69839AAB8DA6}.Release|Any CPU.ActiveCfg = Release|Any CPU
		{51516C50-317F-48C4-8555-69839AAB8DA6}.Release|Any CPU.Build.0 = Release|Any CPU
		{BB308ED6-882D-4C42-91ED-CE33EE1E8DFE}.Debug|Any CPU.ActiveCfg = Debug|Any CPU
		{BB308ED6-882D-4C42-91ED-CE33EE1E8DFE}.Debug|Any CPU.Build.0 = Debug|Any CPU
		{BB308ED6-882D-4C42-91ED-CE33EE1E8DFE}.Release|Any CPU.ActiveCfg = Release|Any CPU
		{BB308ED6-882D-4C42-91ED-CE33EE1E8DFE}.Release|Any CPU.Build.0 = Release|Any CPU
		{57B7ADEF-4E41-49E6-A436-FF7E63CD1444}.Debug|Any CPU.ActiveCfg = Debug|Any CPU
		{57B7ADEF-4E41-49E6-A436-FF7E63CD1444}.Debug|Any CPU.Build.0 = Debug|Any CPU
		{57B7ADEF-4E41-49E6-A436-FF7E63CD1444}.Release|Any CPU.ActiveCfg = Release|Any CPU
		{57B7ADEF-4E41-49E6-A436-FF7E63CD1444}.Release|Any CPU.Build.0 = Release|Any CPU
		{222854FF-453D-49E2-B2CE-04B0B36CE439}.Debug|Any CPU.ActiveCfg = Debug|Any CPU
		{222854FF-453D-49E2-B2CE-04B0B36CE439}.Debug|Any CPU.Build.0 = Debug|Any CPU
		{222854FF-453D-49E2-B2CE-04B0B36CE439}.Release|Any CPU.ActiveCfg = Release|Any CPU
		{222854FF-453D-49E2-B2CE-04B0B36CE439}.Release|Any CPU.Build.0 = Release|Any CPU
		{02A01C75-1475-4D3C-B0AD-7595CE9E87F6}.Debug|Any CPU.ActiveCfg = Debug|Any CPU
		{02A01C75-1475-4D3C-B0AD-7595CE9E87F6}.Debug|Any CPU.Build.0 = Debug|Any CPU
		{02A01C75-1475-4D3C-B0AD-7595CE9E87F6}.Release|Any CPU.ActiveCfg = Release|Any CPU
		{02A01C75-1475-4D3C-B0AD-7595CE9E87F6}.Release|Any CPU.Build.0 = Release|Any CPU
		{5842F76F-3DA9-4367-9A54-853A2F7095B2}.Debug|Any CPU.ActiveCfg = Debug|Any CPU
		{5842F76F-3DA9-4367-9A54-853A2F7095B2}.Debug|Any CPU.Build.0 = Debug|Any CPU
		{5842F76F-3DA9-4367-9A54-853A2F7095B2}.Release|Any CPU.ActiveCfg = Release|Any CPU
		{5842F76F-3DA9-4367-9A54-853A2F7095B2}.Release|Any CPU.Build.0 = Release|Any CPU
		{5C200F4B-2B06-4A7E-9A90-F258DD3E51F4}.Debug|Any CPU.ActiveCfg = Debug|Any CPU
		{5C200F4B-2B06-4A7E-9A90-F258DD3E51F4}.Debug|Any CPU.Build.0 = Debug|Any CPU
		{5C200F4B-2B06-4A7E-9A90-F258DD3E51F4}.Release|Any CPU.ActiveCfg = Release|Any CPU
		{5C200F4B-2B06-4A7E-9A90-F258DD3E51F4}.Release|Any CPU.Build.0 = Release|Any CPU
	EndGlobalSection
	GlobalSection(SolutionProperties) = preSolution
		HideSolutionNode = FALSE
	EndGlobalSection
	GlobalSection(NestedProjects) = preSolution
		{70ED9F5D-4C8F-4D82-9BD6-2670EEDDC099} = {ECA20BEA-137B-4955-ADA3-9689F827B68D}
		{DD36AC14-E5A0-4685-83D4-B923891958C9} = {ECA20BEA-137B-4955-ADA3-9689F827B68D}
		{51516C50-317F-48C4-8555-69839AAB8DA6} = {C35EE235-3358-4F7C-BB34-38C442F4CF5A}
		{BB308ED6-882D-4C42-91ED-CE33EE1E8DFE} = {C35EE235-3358-4F7C-BB34-38C442F4CF5A}
		{57B7ADEF-4E41-49E6-A436-FF7E63CD1444} = {ECA20BEA-137B-4955-ADA3-9689F827B68D}
		{222854FF-453D-49E2-B2CE-04B0B36CE439} = {498060E8-817D-4972-B006-EC8DA18A2362}
		{02A01C75-1475-4D3C-B0AD-7595CE9E87F6} = {498060E8-817D-4972-B006-EC8DA18A2362}
		{5842F76F-3DA9-4367-9A54-853A2F7095B2} = {498060E8-817D-4972-B006-EC8DA18A2362}
		{5C200F4B-2B06-4A7E-9A90-F258DD3E51F4} = {3A8E7190-7472-43AF-BCEC-D4752134A6CF}
	EndGlobalSection
	GlobalSection(ExtensibilityGlobals) = postSolution
		SolutionGuid = {FE6E5998-0840-4241-A520-FD9FA357DE64}
	EndGlobalSection
EndGlobal
