
Microsoft Visual Studio Solution File, Format Version 12.00
# Visual Studio Version 16
VisualStudioVersion = 16.0.30503.244
MinimumVisualStudioVersion = 10.0.40219.1
Project("{FAE04EC0-301F-11D3-BF4B-00C04F79EFBC}") = "Album.DAL.MSSQL", "Album.DAL.MSSQL\Album.DAL.MSSQL.csproj", "{70ED9F5D-4C8F-4D82-9BD6-2670EEDDC099}"
EndProject
Project("{2150E333-8FDC-42A3-9474-1A3956D46DE8}") = "DAL", "DAL", "{ECA20BEA-137B-4955-ADA3-9689F827B68D}"
EndProject
Project("{FAE04EC0-301F-11D3-BF4B-00C04F79EFBC}") = "Album.DAL.Interfaces", "Album.DAL.Interfaces\Album.DAL.Interfaces.csproj", "{DD36AC14-E5A0-4685-83D4-B923891958C9}"
EndProject
Project("{2150E333-8FDC-42A3-9474-1A3956D46DE8}") = "BLL", "BLL", "{498060E8-817D-4972-B006-EC8DA18A2362}"
EndProject
Project("{2150E333-8FDC-42A3-9474-1A3956D46DE8}") = "PL", "PL", "{C35EE235-3358-4F7C-BB34-38C442F4CF5A}"
EndProject
Global
	GlobalSection(SolutionConfigurationPlatforms) = preSolution
		Debug|Any CPU = Debug|Any CPU
		Release|Any CPU = Release|Any CPU
	EndGlobalSection
	GlobalSection(ProjectConfigurationPlatforms) = postSolution
		{70ED9F5D-4C8F-4D82-9BD6-2670EEDDC099}.Debug|Any CPU.ActiveCfg = Debug|Any CPU
		{70ED9F5D-4C8F-4D82-9BD6-2670EEDDC099}.Debug|Any CPU.Build.0 = Debug|Any CPU
		{70ED9F5D-4C8F-4D82-9BD6-2670EEDDC099}.Release|Any CPU.ActiveCfg = Release|Any CPU
		{70ED9F5D-4C8F-4D82-9BD6-2670EEDDC099}.Release|Any CPU.Build.0 = Release|Any CPU
		{DD36AC14-E5A0-4685-83D4-B923891958C9}.Debug|Any CPU.ActiveCfg = Debug|Any CPU
		{DD36AC14-E5A0-4685-83D4-B923891958C9}.Debug|Any CPU.Build.0 = Debug|Any CPU
		{DD36AC14-E5A0-4685-83D4-B923891958C9}.Release|Any CPU.ActiveCfg = Release|Any CPU
		{DD36AC14-E5A0-4685-83D4-B923891958C9}.Release|Any CPU.Build.0 = Release|Any CPU
	EndGlobalSection
	GlobalSection(SolutionProperties) = preSolution
		HideSolutionNode = FALSE
	EndGlobalSection
	GlobalSection(NestedProjects) = preSolution
		{70ED9F5D-4C8F-4D82-9BD6-2670EEDDC099} = {ECA20BEA-137B-4955-ADA3-9689F827B68D}
		{DD36AC14-E5A0-4685-83D4-B923891958C9} = {ECA20BEA-137B-4955-ADA3-9689F827B68D}
	EndGlobalSection
	GlobalSection(ExtensibilityGlobals) = postSolution
		SolutionGuid = {FE6E5998-0840-4241-A520-FD9FA357DE64}
	EndGlobalSection
EndGlobal
